
Microsoft Visual Studio Solution File, Format Version 12.00
# Visual Studio Version 17
VisualStudioVersion = 17.8.34330.188
MinimumVisualStudioVersion = 10.0.40219.1
Project("{9A19103F-16F7-4668-BE54-9A1E7A4F7556}") = "Ranking on query results", "Ranking on query results.csproj", "{23F52EE5-307B-4804-ABC4-3ED5EA4C7FB6}"
EndProject
Project("{2150E333-8FDC-42A3-9474-1A3956D46DE8}") = "Solution Items", "Solution Items", "{03F8B8ED-1664-4623-A263-72EA63390281}"
	ProjectSection(SolutionItems) = preProject
		TextFile1.txt = TextFile1.txt
	EndProjectSection
EndProject
Global
	GlobalSection(SolutionConfigurationPlatforms) = preSolution
		Debug|Any CPU = Debug|Any CPU
		Release|Any CPU = Release|Any CPU
	EndGlobalSection
	GlobalSection(ProjectConfigurationPlatforms) = postSolution
		{23F52EE5-307B-4804-ABC4-3ED5EA4C7FB6}.Debug|Any CPU.ActiveCfg = Debug|Any CPU
		{23F52EE5-307B-4804-ABC4-3ED5EA4C7FB6}.Debug|Any CPU.Build.0 = Debug|Any CPU
		{23F52EE5-307B-4804-ABC4-3ED5EA4C7FB6}.Release|Any CPU.ActiveCfg = Release|Any CPU
		{23F52EE5-307B-4804-ABC4-3ED5EA4C7FB6}.Release|Any CPU.Build.0 = Release|Any CPU
	EndGlobalSection
	GlobalSection(SolutionProperties) = preSolution
		HideSolutionNode = FALSE
	EndGlobalSection
	GlobalSection(ExtensibilityGlobals) = postSolution
		SolutionGuid = {F5599DFA-7939-4DC7-B766-24AC28157909}
	EndGlobalSection
EndGlobal
